{
  "name": "partial-policy-seeder",
  "version": "1.0.0",
  "lockfileVersion": 1,
  "requires": true,
  "dependencies": {
    "simple-lambda-actions": {
      "version": "1.2.45",
      "resolved": "https://registry.npmjs.org/simple-lambda-actions/-/simple-lambda-actions-1.2.45.tgz",
      "integrity": "sha512-zR0EhUGmv+YGZpKbxBrAL9Cds7tNmWHsi6nhKAFnCCLlsvx9601xT4MZiN4IM1ZdYgN3Jj1vNw6zFeYS3EeUhQ=="
    }
  }
}
