{
  "name": "query-items",
  "version": "1.0.0",
  "lockfileVersion": 1,
  "requires": true,
  "dependencies": {
    "simple-lambda-actions": {
      "version": "1.2.51",
      "resolved": "https://registry.npmjs.org/simple-lambda-actions/-/simple-lambda-actions-1.2.51.tgz",
      "integrity": "sha512-X/jdDcdIezgNpLv36+f5NhiFhr182CFWVjYPTHa3iOGTk4le6YljGSh4ktVFEqd3D2FdlGxmEniRq6gzk78MwQ=="
    }
  }
}
