{
  "name": "get-s3-object",
  "version": "1.0.0",
  "lockfileVersion": 1,
  "requires": true,
  "dependencies": {
    "simple-lambda-actions": {
      "version": "1.2.47",
      "resolved": "https://registry.npmjs.org/simple-lambda-actions/-/simple-lambda-actions-1.2.47.tgz",
      "integrity": "sha512-jdlXYLWT0QCprP/tMG8aH7jyepvJNhVHneNfX/OsD/G8TEFgoR4Lg9ED9dTpr+bPP2z7vzV3IGn8tmeAmROt1g=="
    }
  }
}
