{
  "name": "put-item",
  "version": "1.0.0",
  "lockfileVersion": 1,
  "requires": true,
  "dependencies": {
    "simple-lambda-actions": {
      "version": "1.2.50",
      "resolved": "https://registry.npmjs.org/simple-lambda-actions/-/simple-lambda-actions-1.2.50.tgz",
      "integrity": "sha512-S1aM4shq/20G1Sq1t+wnwX0wOVw31hw2Qu8stFvA4cZzKz6o/n0Mis0tAnwQ3Pg79GK/wZ2CP66DkWpYEQdS0A=="
    }
  }
}
