{
  "name": "options",
  "version": "1.0.0",
  "lockfileVersion": 1,
  "requires": true,
  "dependencies": {
    "simple-lambda-actions": {
      "version": "1.2.48",
      "resolved": "https://registry.npmjs.org/simple-lambda-actions/-/simple-lambda-actions-1.2.48.tgz",
      "integrity": "sha512-Rg5C58hid3IN6+iaoDnV92ODJEkiP/RwpH+TKt9rlNbCx8Pixr0pZst4yf+z8HNMShj5vy+N+MvTPVWDIulDRQ=="
    }
  }
}
